
Microsoft Visual Studio Solution File, Format Version 12.00
# Visual Studio 15
VisualStudioVersion = 15.0.28010.2016
MinimumVisualStudioVersion = 10.0.40219.1
Project("{FAE04EC0-301F-11D3-BF4B-00C04F79EFBC}") = "pathWriter", "pathWriter\pathWriter.csproj", "{605D7404-92B1-4FA8-8BA0-031423F96B42}"
EndProject
Global
	GlobalSection(SolutionConfigurationPlatforms) = preSolution
		Debug|Any CPU = Debug|Any CPU
		Release|Any CPU = Release|Any CPU
	EndGlobalSection
	GlobalSection(ProjectConfigurationPlatforms) = postSolution
		{605D7404-92B1-4FA8-8BA0-031423F96B42}.Debug|Any CPU.ActiveCfg = Debug|Any CPU
		{605D7404-92B1-4FA8-8BA0-031423F96B42}.Debug|Any CPU.Build.0 = Debug|Any CPU
		{605D7404-92B1-4FA8-8BA0-031423F96B42}.Release|Any CPU.ActiveCfg = Release|Any CPU
		{605D7404-92B1-4FA8-8BA0-031423F96B42}.Release|Any CPU.Build.0 = Release|Any CPU
	EndGlobalSection
	GlobalSection(SolutionProperties) = preSolution
		HideSolutionNode = FALSE
	EndGlobalSection
	GlobalSection(ExtensibilityGlobals) = postSolution
		SolutionGuid = {F33BB8D7-D7A3-4037-9193-1E5E39743E41}
	EndGlobalSection
EndGlobal
